
Microsoft Visual Studio Solution File, Format Version 11.00
# Visual Basic Express 2010
Project("{F184B08F-C81C-45F6-A57F-5ABD9991F28F}") = "Add and Clear", "Add and Clear\Add and Clear.vbproj", "{5528BAEF-5130-4087-B1D0-195BC569B048}"
EndProject
Global
	GlobalSection(SolutionConfigurationPlatforms) = preSolution
		Debug|x86 = Debug|x86
		Release|x86 = Release|x86
	EndGlobalSection
	GlobalSection(ProjectConfigurationPlatforms) = postSolution
		{5528BAEF-5130-4087-B1D0-195BC569B048}.Debug|x86.ActiveCfg = Debug|x86
		{5528BAEF-5130-4087-B1D0-195BC569B048}.Debug|x86.Build.0 = Debug|x86
		{5528BAEF-5130-4087-B1D0-195BC569B048}.Release|x86.ActiveCfg = Release|x86
		{5528BAEF-5130-4087-B1D0-195BC569B048}.Release|x86.Build.0 = Release|x86
	EndGlobalSection
	GlobalSection(SolutionProperties) = preSolution
		HideSolutionNode = FALSE
	EndGlobalSection
EndGlobal
