
Microsoft Visual Studio Solution File, Format Version 11.00
# Visual Basic Express 2010
Project("{F184B08F-C81C-45F6-A57F-5ABD9991F28F}") = "WindowsApplication1", "WindowsApplication1\WindowsApplication1.vbproj", "{3E4B1ED8-91BC-4888-B97B-EE8BB293B23A}"
EndProject
Global
	GlobalSection(SolutionConfigurationPlatforms) = preSolution
		Debug|x86 = Debug|x86
		Release|x86 = Release|x86
	EndGlobalSection
	GlobalSection(ProjectConfigurationPlatforms) = postSolution
		{3E4B1ED8-91BC-4888-B97B-EE8BB293B23A}.Debug|x86.ActiveCfg = Debug|x86
		{3E4B1ED8-91BC-4888-B97B-EE8BB293B23A}.Debug|x86.Build.0 = Debug|x86
		{3E4B1ED8-91BC-4888-B97B-EE8BB293B23A}.Release|x86.ActiveCfg = Release|x86
		{3E4B1ED8-91BC-4888-B97B-EE8BB293B23A}.Release|x86.Build.0 = Release|x86
	EndGlobalSection
	GlobalSection(SolutionProperties) = preSolution
		HideSolutionNode = FALSE
	EndGlobalSection
EndGlobal
