
Microsoft Visual Studio Solution File, Format Version 11.00
# Visual Basic Express 2010
Project("{F184B08F-C81C-45F6-A57F-5ABD9991F28F}") = "Task-04.03", "Task-04.03\Task-04.03.vbproj", "{39C198CA-A9E5-40BD-A947-C945BBC66FA7}"
EndProject
Global
	GlobalSection(SolutionConfigurationPlatforms) = preSolution
		Debug|x86 = Debug|x86
		Release|x86 = Release|x86
	EndGlobalSection
	GlobalSection(ProjectConfigurationPlatforms) = postSolution
		{39C198CA-A9E5-40BD-A947-C945BBC66FA7}.Debug|x86.ActiveCfg = Debug|x86
		{39C198CA-A9E5-40BD-A947-C945BBC66FA7}.Debug|x86.Build.0 = Debug|x86
		{39C198CA-A9E5-40BD-A947-C945BBC66FA7}.Release|x86.ActiveCfg = Release|x86
		{39C198CA-A9E5-40BD-A947-C945BBC66FA7}.Release|x86.Build.0 = Release|x86
	EndGlobalSection
	GlobalSection(SolutionProperties) = preSolution
		HideSolutionNode = FALSE
	EndGlobalSection
EndGlobal
