
Microsoft Visual Studio Solution File, Format Version 11.00
# Visual Basic Express 2010
Project("{F184B08F-C81C-45F6-A57F-5ABD9991F28F}") = "Task-02.02", "Task-02.02\Task-02.02.vbproj", "{E35E0AD3-0A38-473A-8EDF-375A0F3914CF}"
EndProject
Global
	GlobalSection(SolutionConfigurationPlatforms) = preSolution
		Debug|x86 = Debug|x86
		Release|x86 = Release|x86
	EndGlobalSection
	GlobalSection(ProjectConfigurationPlatforms) = postSolution
		{E35E0AD3-0A38-473A-8EDF-375A0F3914CF}.Debug|x86.ActiveCfg = Debug|x86
		{E35E0AD3-0A38-473A-8EDF-375A0F3914CF}.Debug|x86.Build.0 = Debug|x86
		{E35E0AD3-0A38-473A-8EDF-375A0F3914CF}.Release|x86.ActiveCfg = Release|x86
		{E35E0AD3-0A38-473A-8EDF-375A0F3914CF}.Release|x86.Build.0 = Release|x86
	EndGlobalSection
	GlobalSection(SolutionProperties) = preSolution
		HideSolutionNode = FALSE
	EndGlobalSection
EndGlobal
